
Microsoft Visual Studio Solution File, Format Version 11.00
# Visual Studio 2010
Project("{F184B08F-C81C-45F6-A57F-5ABD9991F28F}") = "ELCOMPUTINDO", "ELCOMPUTINDO\ELCOMPUTINDO.vbproj", "{E1E9A3E6-AC4D-4C9E-B1C6-8B618BA1F270}"
EndProject
Global
	GlobalSection(SolutionConfigurationPlatforms) = preSolution
		Debug|x86 = Debug|x86
		Release|x86 = Release|x86
	EndGlobalSection
	GlobalSection(ProjectConfigurationPlatforms) = postSolution
		{E1E9A3E6-AC4D-4C9E-B1C6-8B618BA1F270}.Debug|x86.ActiveCfg = Debug|x86
		{E1E9A3E6-AC4D-4C9E-B1C6-8B618BA1F270}.Debug|x86.Build.0 = Debug|x86
		{E1E9A3E6-AC4D-4C9E-B1C6-8B618BA1F270}.Release|x86.ActiveCfg = Release|x86
		{E1E9A3E6-AC4D-4C9E-B1C6-8B618BA1F270}.Release|x86.Build.0 = Release|x86
	EndGlobalSection
	GlobalSection(SolutionProperties) = preSolution
		HideSolutionNode = FALSE
	EndGlobalSection
EndGlobal
